
Microsoft Visual Studio Solution File, Format Version 12.00
# Visual Studio Version 17
VisualStudioVersion = 17.5.33103.201
MinimumVisualStudioVersion = 10.0.40219.1
Project("{FAE04EC0-301F-11D3-BF4B-00C04F79EFBC}") = "InfraDB.App", "InfraDB.App\InfraDB.App.csproj", "{A9670612-3B70-496F-8544-45243355405B}"
EndProject
Project("{9A19103F-16F7-4668-BE54-9A1E7A4F7556}") = "DAL", "..\DataAccessLayer\DAL\DAL.csproj", "{9885749B-2CF4-4952-A2EB-D48B6AB6649F}"
EndProject
Global
	GlobalSection(SolutionConfigurationPlatforms) = preSolution
		Debug|Any CPU = Debug|Any CPU
		Release|Any CPU = Release|Any CPU
	EndGlobalSection
	GlobalSection(ProjectConfigurationPlatforms) = postSolution
		{A9670612-3B70-496F-8544-45243355405B}.Debug|Any CPU.ActiveCfg = Debug|Any CPU
		{A9670612-3B70-496F-8544-45243355405B}.Debug|Any CPU.Build.0 = Debug|Any CPU
		{A9670612-3B70-496F-8544-45243355405B}.Release|Any CPU.ActiveCfg = Release|Any CPU
		{A9670612-3B70-496F-8544-45243355405B}.Release|Any CPU.Build.0 = Release|Any CPU
		{9885749B-2CF4-4952-A2EB-D48B6AB6649F}.Debug|Any CPU.ActiveCfg = Debug|Any CPU
		{9885749B-2CF4-4952-A2EB-D48B6AB6649F}.Debug|Any CPU.Build.0 = Debug|Any CPU
		{9885749B-2CF4-4952-A2EB-D48B6AB6649F}.Release|Any CPU.ActiveCfg = Release|Any CPU
		{9885749B-2CF4-4952-A2EB-D48B6AB6649F}.Release|Any CPU.Build.0 = Release|Any CPU
	EndGlobalSection
	GlobalSection(SolutionProperties) = preSolution
		HideSolutionNode = FALSE
	EndGlobalSection
	GlobalSection(ExtensibilityGlobals) = postSolution
		SolutionGuid = {0C4EAE61-6938-4FE8-A264-CCA4E242072B}
	EndGlobalSection
EndGlobal
